{
  "name": "colossal-adventure-console-rpg",
  "version": "1.0.0",
  "lockfileVersion": 1,
  "requires": true,
  "dependencies": {
    "jazz-midi": {
      "version": "1.6.9",
      "resolved": "https://registry.npmjs.org/jazz-midi/-/jazz-midi-1.6.9.tgz",
      "integrity": "sha512-1OwK7uNpmUJZto/M+l9elLVW/2DJCDZtXWE17OABBPibDOHe69Q01wUUz++Erbnt8dtJMPpE5f/N+1EPoEWKqQ=="
    },
    "jzz": {
      "version": "0.8.1",
      "resolved": "https://registry.npmjs.org/jzz/-/jzz-0.8.1.tgz",
      "integrity": "sha512-M5P37zcmnefvl7bLrg53ht+tTDKQt7slnjr8QZ5i2oP76kq0oWJMVtn3B/k+xUemO+EFD/AcMjqpjgU/Wi4fEg==",
      "requires": {
        "jazz-midi": "^1.6.9"
      }
    },
    "jzz-midi-smf": {
      "version": "1.2.4",
      "resolved": "https://registry.npmjs.org/jzz-midi-smf/-/jzz-midi-smf-1.2.4.tgz",
      "integrity": "sha512-0exJ6H/uj42ikMF2MLWqwwiYqcMlfVC4Ud+voQc8TUy1UDSkvTG+cOlTSc5HG0ZkOBONPQios6wE6lohwD+bsw==",
      "requires": {
        "jzz": "^0.8.0"
      }
    },
    "midi-player-js": {
      "version": "2.0.5",
      "resolved": "https://registry.npmjs.org/midi-player-js/-/midi-player-js-2.0.5.tgz",
      "integrity": "sha512-1HrjWzlb6h9Jf0y62WXlBwZE4sq52h7DRNk5yRr0yhUShCnvyavCAogEqzbxuFGweEPaXrBz1G4uEIs/O71Xkg=="
    },
    "readline-sync": {
      "version": "1.4.9",
      "resolved": "https://registry.npmjs.org/readline-sync/-/readline-sync-1.4.9.tgz",
      "integrity": "sha1-PtqOZfI80qF+YTAbHwADOWr17No="
    },
    "thread-sleep": {
      "version": "2.2.0",
      "resolved": "https://registry.npmjs.org/thread-sleep/-/thread-sleep-2.2.0.tgz",
      "integrity": "sha512-C3zZbh9fL7c/+N8mFZ82+uK+dj0q6bSUORwhSe4icwd0xERndhB+ldw4JdejGC3Cbn1DRXlLJ/w859CQdvYV9w=="
    }
  }
}
